// !$*UTF8*$!
{
	archiveVersion = 1;
	classes = {
	};
	objectVersion = 50;
	objects = {

/* Begin PBXBuildFile section */
		52289EBB25DC1F79005B312E /* Joke.swift in Sources */ = {isa = PBXBuildFile; fileRef = 52289EBA25DC1F79005B312E /* Joke.swift */; };
		52289EC125DC2177005B312E /* JokeBookWebService.swift in Sources */ = {isa = PBXBuildFile; fileRef = 52289EC025DC2177005B312E /* JokeBookWebService.swift */; };
		52289EC625DC3976005B312E /* UrlExtension.swift in Sources */ = {isa = PBXBuildFile; fileRef = 52289EC525DC3976005B312E /* UrlExtension.swift */; };
		52289EC925DC3A9D005B312E /* JokeCategory.swift in Sources */ = {isa = PBXBuildFile; fileRef = 52289EC825DC3A9D005B312E /* JokeCategory.swift */; };
		52289ECF25DC49B9005B312E /* JokeQuestionTableViewCell.swift in Sources */ = {isa = PBXBuildFile; fileRef = 52289ECE25DC49B9005B312E /* JokeQuestionTableViewCell.swift */; };
		52B312AE25DC0C9600F537CB /* AppDelegate.swift in Sources */ = {isa = PBXBuildFile; fileRef = 52B312AD25DC0C9600F537CB /* AppDelegate.swift */; };
		52B312B025DC0C9600F537CB /* SceneDelegate.swift in Sources */ = {isa = PBXBuildFile; fileRef = 52B312AF25DC0C9600F537CB /* SceneDelegate.swift */; };
		52B312B225DC0C9600F537CB /* MainViewController.swift in Sources */ = {isa = PBXBuildFile; fileRef = 52B312B125DC0C9600F537CB /* MainViewController.swift */; };
		52B312B525DC0C9600F537CB /* Main.storyboard in Resources */ = {isa = PBXBuildFile; fileRef = 52B312B325DC0C9600F537CB /* Main.storyboard */; };
		52B312B725DC0C9700F537CB /* Assets.xcassets in Resources */ = {isa = PBXBuildFile; fileRef = 52B312B625DC0C9700F537CB /* Assets.xcassets */; };
		52B312BA25DC0C9700F537CB /* LaunchScreen.storyboard in Resources */ = {isa = PBXBuildFile; fileRef = 52B312B825DC0C9700F537CB /* LaunchScreen.storyboard */; };
		52B312C525DC14CC00F537CB /* Service.swift in Sources */ = {isa = PBXBuildFile; fileRef = 52B312C425DC14CC00F537CB /* Service.swift */; };
		52B312CA25DC174800F537CB /* Constants.swift in Sources */ = {isa = PBXBuildFile; fileRef = 52B312C925DC174800F537CB /* Constants.swift */; };
/* End PBXBuildFile section */

/* Begin PBXFileReference section */
		52289EBA25DC1F79005B312E /* Joke.swift */ = {isa = PBXFileReference; lastKnownFileType = sourcecode.swift; path = Joke.swift; sourceTree = "<group>"; };
		52289EC025DC2177005B312E /* JokeBookWebService.swift */ = {isa = PBXFileReference; lastKnownFileType = sourcecode.swift; path = JokeBookWebService.swift; sourceTree = "<group>"; };
		52289EC525DC3976005B312E /* UrlExtension.swift */ = {isa = PBXFileReference; lastKnownFileType = sourcecode.swift; path = UrlExtension.swift; sourceTree = "<group>"; };
		52289EC825DC3A9D005B312E /* JokeCategory.swift */ = {isa = PBXFileReference; lastKnownFileType = sourcecode.swift; path = JokeCategory.swift; sourceTree = "<group>"; };
		52289ECE25DC49B9005B312E /* JokeQuestionTableViewCell.swift */ = {isa = PBXFileReference; lastKnownFileType = sourcecode.swift; path = JokeQuestionTableViewCell.swift; sourceTree = "<group>"; };
		52B312AA25DC0C9600F537CB /* Joke Book.app */ = {isa = PBXFileReference; explicitFileType = wrapper.application; includeInIndex = 0; path = "Joke Book.app"; sourceTree = BUILT_PRODUCTS_DIR; };
		52B312AD25DC0C9600F537CB /* AppDelegate.swift */ = {isa = PBXFileReference; lastKnownFileType = sourcecode.swift; path = AppDelegate.swift; sourceTree = "<group>"; };
		52B312AF25DC0C9600F537CB /* SceneDelegate.swift */ = {isa = PBXFileReference; lastKnownFileType = sourcecode.swift; path = SceneDelegate.swift; sourceTree = "<group>"; };
		52B312B125DC0C9600F537CB /* MainViewController.swift */ = {isa = PBXFileReference; lastKnownFileType = sourcecode.swift; path = MainViewController.swift; sourceTree = "<group>"; };
		52B312B425DC0C9600F537CB /* Base */ = {isa = PBXFileReference; lastKnownFileType = file.storyboard; name = Base; path = Base.lproj/Main.storyboard; sourceTree = "<group>"; };
		52B312B625DC0C9700F537CB /* Assets.xcassets */ = {isa = PBXFileReference; lastKnownFileType = folder.assetcatalog; path = Assets.xcassets; sourceTree = "<group>"; };
		52B312B925DC0C9700F537CB /* Base */ = {isa = PBXFileReference; lastKnownFileType = file.storyboard; name = Base; path = Base.lproj/LaunchScreen.storyboard; sourceTree = "<group>"; };
		52B312BB25DC0C9700F537CB /* Info.plist */ = {isa = PBXFileReference; lastKnownFileType = text.plist.xml; path = Info.plist; sourceTree = "<group>"; };
		52B312C425DC14CC00F537CB /* Service.swift */ = {isa = PBXFileReference; lastKnownFileType = sourcecode.swift; path = Service.swift; sourceTree = "<group>"; };
		52B312C925DC174800F537CB /* Constants.swift */ = {isa = PBXFileReference; lastKnownFileType = sourcecode.swift; path = Constants.swift; sourceTree = "<group>"; };
/* End PBXFileReference section */

/* Begin PBXFrameworksBuildPhase section */
		52B312A725DC0C9600F537CB /* Frameworks */ = {
			isa = PBXFrameworksBuildPhase;
			buildActionMask = 2147483647;
			files = (
			);
			runOnlyForDeploymentPostprocessing = 0;
		};
/* End PBXFrameworksBuildPhase section */

/* Begin PBXGroup section */
		52289EBD25DC20CD005B312E /* ViewController */ = {
			isa = PBXGroup;
			children = (
				52B312B125DC0C9600F537CB /* MainViewController.swift */,
			);
			path = ViewController;
			sourceTree = "<group>";
		};
		52289EBE25DC2115005B312E /* View */ = {
			isa = PBXGroup;
			children = (
				52289ECD25DC4972005B312E /* Cell */,
				52B312B825DC0C9700F537CB /* LaunchScreen.storyboard */,
				52B312B325DC0C9600F537CB /* Main.storyboard */,
			);
			path = View;
			sourceTree = "<group>";
		};
		52289EC425DC391E005B312E /* Extensions */ = {
			isa = PBXGroup;
			children = (
				52289EC525DC3976005B312E /* UrlExtension.swift */,
			);
			path = Extensions;
			sourceTree = "<group>";
		};
		52289ECD25DC4972005B312E /* Cell */ = {
			isa = PBXGroup;
			children = (
				52289ECE25DC49B9005B312E /* JokeQuestionTableViewCell.swift */,
			);
			path = Cell;
			sourceTree = "<group>";
		};
		52B312A125DC0C9500F537CB = {
			isa = PBXGroup;
			children = (
				52B312B625DC0C9700F537CB /* Assets.xcassets */,
				52B312AC25DC0C9600F537CB /* Joke Book */,
				52289EC425DC391E005B312E /* Extensions */,
				52289EBE25DC2115005B312E /* View */,
				52B312C225DC144B00F537CB /* Networking */,
				52B312C825DC173100F537CB /* Constants */,
				52B312CD25DC186D00F537CB /* Model */,
				52289EBD25DC20CD005B312E /* ViewController */,
				52B312AB25DC0C9600F537CB /* Products */,
			);
			sourceTree = "<group>";
		};
		52B312AB25DC0C9600F537CB /* Products */ = {
			isa = PBXGroup;
			children = (
				52B312AA25DC0C9600F537CB /* Joke Book.app */,
			);
			name = Products;
			sourceTree = "<group>";
		};
		52B312AC25DC0C9600F537CB /* Joke Book */ = {
			isa = PBXGroup;
			children = (
				52B312BB25DC0C9700F537CB /* Info.plist */,
				52B312AD25DC0C9600F537CB /* AppDelegate.swift */,
				52B312AF25DC0C9600F537CB /* SceneDelegate.swift */,
			);
			path = "Joke Book";
			sourceTree = "<group>";
		};
		52B312C225DC144B00F537CB /* Networking */ = {
			isa = PBXGroup;
			children = (
				52B312C425DC14CC00F537CB /* Service.swift */,
				52289EC025DC2177005B312E /* JokeBookWebService.swift */,
			);
			path = Networking;
			sourceTree = "<group>";
		};
		52B312C825DC173100F537CB /* Constants */ = {
			isa = PBXGroup;
			children = (
				52B312C925DC174800F537CB /* Constants.swift */,
			);
			path = Constants;
			sourceTree = "<group>";
		};
		52B312CD25DC186D00F537CB /* Model */ = {
			isa = PBXGroup;
			children = (
				52289EBA25DC1F79005B312E /* Joke.swift */,
				52289EC825DC3A9D005B312E /* JokeCategory.swift */,
			);
			path = Model;
			sourceTree = "<group>";
		};
/* End PBXGroup section */

/* Begin PBXNativeTarget section */
		52B312A925DC0C9600F537CB /* Joke Book */ = {
			isa = PBXNativeTarget;
			buildConfigurationList = 52B312BE25DC0C9700F537CB /* Build configuration list for PBXNativeTarget "Joke Book" */;
			buildPhases = (
				52B312A625DC0C9600F537CB /* Sources */,
				52B312A725DC0C9600F537CB /* Frameworks */,
				52B312A825DC0C9600F537CB /* Resources */,
			);
			buildRules = (
			);
			dependencies = (
			);
			name = "Joke Book";
			productName = "Joke Book";
			productReference = 52B312AA25DC0C9600F537CB /* Joke Book.app */;
			productType = "com.apple.product-type.application";
		};
/* End PBXNativeTarget section */

/* Begin PBXProject section */
		52B312A225DC0C9500F537CB /* Project object */ = {
			isa = PBXProject;
			attributes = {
				LastSwiftUpdateCheck = 1230;
				LastUpgradeCheck = 1230;
				TargetAttributes = {
					52B312A925DC0C9600F537CB = {
						CreatedOnToolsVersion = 12.3;
					};
				};
			};
			buildConfigurationList = 52B312A525DC0C9500F537CB /* Build configuration list for PBXProject "Joke Book" */;
			compatibilityVersion = "Xcode 9.3";
			developmentRegion = en;
			hasScannedForEncodings = 0;
			knownRegions = (
				en,
				Base,
			);
			mainGroup = 52B312A125DC0C9500F537CB;
			productRefGroup = 52B312AB25DC0C9600F537CB /* Products */;
			projectDirPath = "";
			projectRoot = "";
			targets = (
				52B312A925DC0C9600F537CB /* Joke Book */,
			);
		};
/* End PBXProject section */

/* Begin PBXResourcesBuildPhase section */
		52B312A825DC0C9600F537CB /* Resources */ = {
			isa = PBXResourcesBuildPhase;
			buildActionMask = 2147483647;
			files = (
				52B312BA25DC0C9700F537CB /* LaunchScreen.storyboard in Resources */,
				52B312B725DC0C9700F537CB /* Assets.xcassets in Resources */,
				52B312B525DC0C9600F537CB /* Main.storyboard in Resources */,
			);
			runOnlyForDeploymentPostprocessing = 0;
		};
/* End PBXResourcesBuildPhase section */

/* Begin PBXSourcesBuildPhase section */
		52B312A625DC0C9600F537CB /* Sources */ = {
			isa = PBXSourcesBuildPhase;
			buildActionMask = 2147483647;
			files = (
				52B312CA25DC174800F537CB /* Constants.swift in Sources */,
				52B312B225DC0C9600F537CB /* MainViewController.swift in Sources */,
				52289EC125DC2177005B312E /* JokeBookWebService.swift in Sources */,
				52289EBB25DC1F79005B312E /* Joke.swift in Sources */,
				52289ECF25DC49B9005B312E /* JokeQuestionTableViewCell.swift in Sources */,
				52B312C525DC14CC00F537CB /* Service.swift in Sources */,
				52289EC925DC3A9D005B312E /* JokeCategory.swift in Sources */,
				52289EC625DC3976005B312E /* UrlExtension.swift in Sources */,
				52B312AE25DC0C9600F537CB /* AppDelegate.swift in Sources */,
				52B312B025DC0C9600F537CB /* SceneDelegate.swift in Sources */,
			);
			runOnlyForDeploymentPostprocessing = 0;
		};
/* End PBXSourcesBuildPhase section */

/* Begin PBXVariantGroup section */
		52B312B325DC0C9600F537CB /* Main.storyboard */ = {
			isa = PBXVariantGroup;
			children = (
				52B312B425DC0C9600F537CB /* Base */,
			);
			name = Main.storyboard;
			sourceTree = "<group>";
		};
		52B312B825DC0C9700F537CB /* LaunchScreen.storyboard */ = {
			isa = PBXVariantGroup;
			children = (
				52B312B925DC0C9700F537CB /* Base */,
			);
			name = LaunchScreen.storyboard;
			sourceTree = "<group>";
		};
/* End PBXVariantGroup section */

/* Begin XCBuildConfiguration section */
		52B312BC25DC0C9700F537CB /* Debug */ = {
			isa = XCBuildConfiguration;
			buildSettings = {
				ALWAYS_SEARCH_USER_PATHS = NO;
				CLANG_ANALYZER_NONNULL = YES;
				CLANG_ANALYZER_NUMBER_OBJECT_CONVERSION = YES_AGGRESSIVE;
				CLANG_CXX_LANGUAGE_STANDARD = "gnu++14";
				CLANG_CXX_LIBRARY = "libc++";
				CLANG_ENABLE_MODULES = YES;
				CLANG_ENABLE_OBJC_ARC = YES;
				CLANG_ENABLE_OBJC_WEAK = YES;
				CLANG_WARN_BLOCK_CAPTURE_AUTORELEASING = YES;
				CLANG_WARN_BOOL_CONVERSION = YES;
				CLANG_WARN_COMMA = YES;
				CLANG_WARN_CONSTANT_CONVERSION = YES;
				CLANG_WARN_DEPRECATED_OBJC_IMPLEMENTATIONS = YES;
				CLANG_WARN_DIRECT_OBJC_ISA_USAGE = YES_ERROR;
				CLANG_WARN_DOCUMENTATION_COMMENTS = YES;
				CLANG_WARN_EMPTY_BODY = YES;
				CLANG_WARN_ENUM_CONVERSION = YES;
				CLANG_WARN_INFINITE_RECURSION = YES;
				CLANG_WARN_INT_CONVERSION = YES;
				CLANG_WARN_NON_LITERAL_NULL_CONVERSION = YES;
				CLANG_WARN_OBJC_IMPLICIT_RETAIN_SELF = YES;
				CLANG_WARN_OBJC_LITERAL_CONVERSION = YES;
				CLANG_WARN_OBJC_ROOT_CLASS = YES_ERROR;
				CLANG_WARN_QUOTED_INCLUDE_IN_FRAMEWORK_HEADER = YES;
				CLANG_WARN_RANGE_LOOP_ANALYSIS = YES;
				CLANG_WARN_STRICT_PROTOTYPES = YES;
				CLANG_WARN_SUSPICIOUS_MOVE = YES;
				CLANG_WARN_UNGUARDED_AVAILABILITY = YES_AGGRESSIVE;
				CLANG_WARN_UNREACHABLE_CODE = YES;
				CLANG_WARN__DUPLICATE_METHOD_MATCH = YES;
				COPY_PHASE_STRIP = NO;
				DEBUG_INFORMATION_FORMAT = dwarf;
				ENABLE_STRICT_OBJC_MSGSEND = YES;
				ENABLE_TESTABILITY = YES;
				GCC_C_LANGUAGE_STANDARD = gnu11;
				GCC_DYNAMIC_NO_PIC = NO;
				GCC_NO_COMMON_BLOCKS = YES;
				GCC_OPTIMIZATION_LEVEL = 0;
				GCC_PREPROCESSOR_DEFINITIONS = (
					"DEBUG=1",
					"$(inherited)",
				);
				GCC_WARN_64_TO_32_BIT_CONVERSION = YES;
				GCC_WARN_ABOUT_RETURN_TYPE = YES_ERROR;
				GCC_WARN_UNDECLARED_SELECTOR = YES;
				GCC_WARN_UNINITIALIZED_AUTOS = YES_AGGRESSIVE;
				GCC_WARN_UNUSED_FUNCTION = YES;
				GCC_WARN_UNUSED_VARIABLE = YES;
				IPHONEOS_DEPLOYMENT_TARGET = 14.3;
				MTL_ENABLE_DEBUG_INFO = INCLUDE_SOURCE;
				MTL_FAST_MATH = YES;
				ONLY_ACTIVE_ARCH = YES;
				SDKROOT = iphoneos;
				SWIFT_ACTIVE_COMPILATION_CONDITIONS = DEBUG;
				SWIFT_OPTIMIZATION_LEVEL = "-Onone";
			};
			name = Debug;
		};
		52B312BD25DC0C9700F537CB /* Release */ = {
			isa = XCBuildConfiguration;
			buildSettings = {
				ALWAYS_SEARCH_USER_PATHS = NO;
				CLANG_ANALYZER_NONNULL = YES;
				CLANG_ANALYZER_NUMBER_OBJECT_CONVERSION = YES_AGGRESSIVE;
				CLANG_CXX_LANGUAGE_STANDARD = "gnu++14";
				CLANG_CXX_LIBRARY = "libc++";
				CLANG_ENABLE_MODULES = YES;
				CLANG_ENABLE_OBJC_ARC = YES;
				CLANG_ENABLE_OBJC_WEAK = YES;
				CLANG_WARN_BLOCK_CAPTURE_AUTORELEASING = YES;
				CLANG_WARN_BOOL_CONVERSION = YES;
				CLANG_WARN_COMMA = YES;
				CLANG_WARN_CONSTANT_CONVERSION = YES;
				CLANG_WARN_DEPRECATED_OBJC_IMPLEMENTATIONS = YES;
				CLANG_WARN_DIRECT_OBJC_ISA_USAGE = YES_ERROR;
				CLANG_WARN_DOCUMENTATION_COMMENTS = YES;
				CLANG_WARN_EMPTY_BODY = YES;
				CLANG_WARN_ENUM_CONVERSION = YES;
				CLANG_WARN_INFINITE_RECURSION = YES;
				CLANG_WARN_INT_CONVERSION = YES;
				CLANG_WARN_NON_LITERAL_NULL_CONVERSION = YES;
				CLANG_WARN_OBJC_IMPLICIT_RETAIN_SELF = YES;
				CLANG_WARN_OBJC_LITERAL_CONVERSION = YES;
				CLANG_WARN_OBJC_ROOT_CLASS = YES_ERROR;
				CLANG_WARN_QUOTED_INCLUDE_IN_FRAMEWORK_HEADER = YES;
				CLANG_WARN_RANGE_LOOP_ANALYSIS = YES;
				CLANG_WARN_STRICT_PROTOTYPES = YES;
				CLANG_WARN_SUSPICIOUS_MOVE = YES;
				CLANG_WARN_UNGUARDED_AVAILABILITY = YES_AGGRESSIVE;
				CLANG_WARN_UNREACHABLE_CODE = YES;
				CLANG_WARN__DUPLICATE_METHOD_MATCH = YES;
				COPY_PHASE_STRIP = NO;
				DEBUG_INFORMATION_FORMAT = "dwarf-with-dsym";
				ENABLE_NS_ASSERTIONS = NO;
				ENABLE_STRICT_OBJC_MSGSEND = YES;
				GCC_C_LANGUAGE_STANDARD = gnu11;
				GCC_NO_COMMON_BLOCKS = YES;
				GCC_WARN_64_TO_32_BIT_CONVERSION = YES;
				GCC_WARN_ABOUT_RETURN_TYPE = YES_ERROR;
				GCC_WARN_UNDECLARED_SELECTOR = YES;
				GCC_WARN_UNINITIALIZED_AUTOS = YES_AGGRESSIVE;
				GCC_WARN_UNUSED_FUNCTION = YES;
				GCC_WARN_UNUSED_VARIABLE = YES;
				IPHONEOS_DEPLOYMENT_TARGET = 14.3;
				MTL_ENABLE_DEBUG_INFO = NO;
				MTL_FAST_MATH = YES;
				SDKROOT = iphoneos;
				SWIFT_COMPILATION_MODE = wholemodule;
				SWIFT_OPTIMIZATION_LEVEL = "-O";
				VALIDATE_PRODUCT = YES;
			};
			name = Release;
		};
		52B312BF25DC0C9700F537CB /* Debug */ = {
			isa = XCBuildConfiguration;
			buildSettings = {
				ASSETCATALOG_COMPILER_APPICON_NAME = AppIcon;
				ASSETCATALOG_COMPILER_GLOBAL_ACCENT_COLOR_NAME = AccentColor;
				CODE_SIGN_STYLE = Automatic;
				INFOPLIST_FILE = "Joke Book/Info.plist";
				LD_RUNPATH_SEARCH_PATHS = (
					"$(inherited)",
					"@executable_path/Frameworks",
				);
				PRODUCT_BUNDLE_IDENTIFIER = "com.huseyinYolasigmazoglu.Joke-Book";
				PRODUCT_NAME = "$(TARGET_NAME)";
				SWIFT_VERSION = 5.0;
				TARGETED_DEVICE_FAMILY = "1,2";
			};
			name = Debug;
		};
		52B312C025DC0C9700F537CB /* Release */ = {
			isa = XCBuildConfiguration;
			buildSettings = {
				ASSETCATALOG_COMPILER_APPICON_NAME = AppIcon;
				ASSETCATALOG_COMPILER_GLOBAL_ACCENT_COLOR_NAME = AccentColor;
				CODE_SIGN_STYLE = Automatic;
				INFOPLIST_FILE = "Joke Book/Info.plist";
				LD_RUNPATH_SEARCH_PATHS = (
					"$(inherited)",
					"@executable_path/Frameworks",
				);
				PRODUCT_BUNDLE_IDENTIFIER = "com.huseyinYolasigmazoglu.Joke-Book";
				PRODUCT_NAME = "$(TARGET_NAME)";
				SWIFT_VERSION = 5.0;
				TARGETED_DEVICE_FAMILY = "1,2";
			};
			name = Release;
		};
/* End XCBuildConfiguration section */

/* Begin XCConfigurationList section */
		52B312A525DC0C9500F537CB /* Build configuration list for PBXProject "Joke Book" */ = {
			isa = XCConfigurationList;
			buildConfigurations = (
				52B312BC25DC0C9700F537CB /* Debug */,
				52B312BD25DC0C9700F537CB /* Release */,
			);
			defaultConfigurationIsVisible = 0;
			defaultConfigurationName = Release;
		};
		52B312BE25DC0C9700F537CB /* Build configuration list for PBXNativeTarget "Joke Book" */ = {
			isa = XCConfigurationList;
			buildConfigurations = (
				52B312BF25DC0C9700F537CB /* Debug */,
				52B312C025DC0C9700F537CB /* Release */,
			);
			defaultConfigurationIsVisible = 0;
			defaultConfigurationName = Release;
		};
/* End XCConfigurationList section */
	};
	rootObject = 52B312A225DC0C9500F537CB /* Project object */;
}
